dependencies:
- name: mysql
  repository: https://kubernetes-charts.storage.googleapis.com/
  version: 0.10.2
- name: redis
  repository: https://kubernetes-charts.storage.googleapis.com/
  version: 3.6.5
- name: varnish
  repository: https://raw.githubusercontent.com/wachterjohannes/sulu-chart/master/
  version: 0.1.0
digest: sha256:132191e5b44192dfabfe412f089d455da9f0e94c9361c7d064da8a1dc071b5e5
generated: 2018-12-02T21:50:27.632311+01:00
