dependencies:
- name: mysql
  repository: https://kubernetes-charts.storage.googleapis.com/
  version: 0.10.2
- name: redis
  repository: https://kubernetes-charts.storage.googleapis.com/
  version: 3.6.5
- name: varnish
  repository: file://../varnish
  version: 0.1.1
digest: sha256:2854c526fb104212c60cbf3c681cefe1d6ee9f0c1e7e260f9e0cd9e8e1953fa1
generated: 2018-12-02T22:04:28.930067+01:00
